
Microsoft Visual Studio Solution File, Format Version 12.00
# Visual Studio Version 17
VisualStudioVersion = 17.11.35327.3
MinimumVisualStudioVersion = 10.0.40219.1
Project("{9A19103F-16F7-4668-BE54-9A1E7A4F7556}") = "SalesManagement.Domain", "src\SalesManagement.Domain\SalesManagement.Domain.csproj", "{DE2D16D1-F34E-4B80-87CC-DAE1AD1B6BC5}"
EndProject
Project("{9A19103F-16F7-4668-BE54-9A1E7A4F7556}") = "SalesManagement.Infrastructure", "src\SalesManagement.Infrastructure\SalesManagement.Infrastructure.csproj", "{0FF0A2FC-5000-4F8C-B806-71F99FC84400}"
EndProject
Project("{9A19103F-16F7-4668-BE54-9A1E7A4F7556}") = "SalesManagement.Application", "src\SalesManagement.Application\SalesManagement.Application.csproj", "{34052AA0-A33B-41C5-B085-09F76E9E0C7B}"
	ProjectSection(ProjectDependencies) = postProject
		{0FF0A2FC-5000-4F8C-B806-71F99FC84400} = {0FF0A2FC-5000-4F8C-B806-71F99FC84400}
		{DE2D16D1-F34E-4B80-87CC-DAE1AD1B6BC5} = {DE2D16D1-F34E-4B80-87CC-DAE1AD1B6BC5}
	EndProjectSection
EndProject
Project("{9A19103F-16F7-4668-BE54-9A1E7A4F7556}") = "SalesManagement.Presentation", "src\SalesManagement.Presentation\SalesManagement.Presentation.csproj", "{A53ED21D-171B-45DF-8219-7813BBAC8584}"
EndProject
Global
	GlobalSection(SolutionConfigurationPlatforms) = preSolution
		Debug|Any CPU = Debug|Any CPU
		Release|Any CPU = Release|Any CPU
	EndGlobalSection
	GlobalSection(ProjectConfigurationPlatforms) = postSolution
		{DE2D16D1-F34E-4B80-87CC-DAE1AD1B6BC5}.Debug|Any CPU.ActiveCfg = Debug|Any CPU
		{DE2D16D1-F34E-4B80-87CC-DAE1AD1B6BC5}.Debug|Any CPU.Build.0 = Debug|Any CPU
		{DE2D16D1-F34E-4B80-87CC-DAE1AD1B6BC5}.Release|Any CPU.ActiveCfg = Release|Any CPU
		{DE2D16D1-F34E-4B80-87CC-DAE1AD1B6BC5}.Release|Any CPU.Build.0 = Release|Any CPU
		{0FF0A2FC-5000-4F8C-B806-71F99FC84400}.Debug|Any CPU.ActiveCfg = Debug|Any CPU
		{0FF0A2FC-5000-4F8C-B806-71F99FC84400}.Debug|Any CPU.Build.0 = Debug|Any CPU
		{0FF0A2FC-5000-4F8C-B806-71F99FC84400}.Release|Any CPU.ActiveCfg = Release|Any CPU
		{0FF0A2FC-5000-4F8C-B806-71F99FC84400}.Release|Any CPU.Build.0 = Release|Any CPU
		{34052AA0-A33B-41C5-B085-09F76E9E0C7B}.Debug|Any CPU.ActiveCfg = Debug|Any CPU
		{34052AA0-A33B-41C5-B085-09F76E9E0C7B}.Debug|Any CPU.Build.0 = Debug|Any CPU
		{34052AA0-A33B-41C5-B085-09F76E9E0C7B}.Release|Any CPU.ActiveCfg = Release|Any CPU
		{34052AA0-A33B-41C5-B085-09F76E9E0C7B}.Release|Any CPU.Build.0 = Release|Any CPU
		{A53ED21D-171B-45DF-8219-7813BBAC8584}.Debug|Any CPU.ActiveCfg = Debug|Any CPU
		{A53ED21D-171B-45DF-8219-7813BBAC8584}.Debug|Any CPU.Build.0 = Debug|Any CPU
		{A53ED21D-171B-45DF-8219-7813BBAC8584}.Release|Any CPU.ActiveCfg = Release|Any CPU
		{A53ED21D-171B-45DF-8219-7813BBAC8584}.Release|Any CPU.Build.0 = Release|Any CPU
	EndGlobalSection
	GlobalSection(SolutionProperties) = preSolution
		HideSolutionNode = FALSE
	EndGlobalSection
	GlobalSection(ExtensibilityGlobals) = postSolution
		SolutionGuid = {661DEA31-5F12-472D-81D4-9062DCF2F415}
	EndGlobalSection
EndGlobal
